
Microsoft Visual Studio Solution File, Format Version 12.00
# Visual Studio Version 17
VisualStudioVersion = 17.4.33213.308
MinimumVisualStudioVersion = 10.0.40219.1
Project("{FAE04EC0-301F-11D3-BF4B-00C04F79EFBC}") = "Actividad2Unidad2", "Actividad2Unidad2\Actividad2Unidad2.csproj", "{1B955FB7-384E-4040-9250-1548EFAC8FEB}"
EndProject
Global
	GlobalSection(SolutionConfigurationPlatforms) = preSolution
		Debug|Any CPU = Debug|Any CPU
		Release|Any CPU = Release|Any CPU
	EndGlobalSection
	GlobalSection(ProjectConfigurationPlatforms) = postSolution
		{1B955FB7-384E-4040-9250-1548EFAC8FEB}.Debug|Any CPU.ActiveCfg = Debug|Any CPU
		{1B955FB7-384E-4040-9250-1548EFAC8FEB}.Debug|Any CPU.Build.0 = Debug|Any CPU
		{1B955FB7-384E-4040-9250-1548EFAC8FEB}.Release|Any CPU.ActiveCfg = Release|Any CPU
		{1B955FB7-384E-4040-9250-1548EFAC8FEB}.Release|Any CPU.Build.0 = Release|Any CPU
	EndGlobalSection
	GlobalSection(SolutionProperties) = preSolution
		HideSolutionNode = FALSE
	EndGlobalSection
	GlobalSection(ExtensibilityGlobals) = postSolution
		SolutionGuid = {0BB15A5A-3C71-4892-8375-500ED81916C9}
	EndGlobalSection
EndGlobal
